
Microsoft Visual Studio Solution File, Format Version 12.00
# Visual Studio 15
VisualStudioVersion = 15.0.28307.421
MinimumVisualStudioVersion = 10.0.40219.1
Project("{F184B08F-C81C-45F6-A57F-5ABD9991F28F}") = "ORM", "ORM\ORM.vbproj", "{B6770C11-2ABF-4039-83C5-455575F49114}"
EndProject
Global
	GlobalSection(SolutionConfigurationPlatforms) = preSolution
		Debug|Any CPU = Debug|Any CPU
		Release|Any CPU = Release|Any CPU
	EndGlobalSection
	GlobalSection(ProjectConfigurationPlatforms) = postSolution
		{B6770C11-2ABF-4039-83C5-455575F49114}.Debug|Any CPU.ActiveCfg = Debug|Any CPU
		{B6770C11-2ABF-4039-83C5-455575F49114}.Debug|Any CPU.Build.0 = Debug|Any CPU
		{B6770C11-2ABF-4039-83C5-455575F49114}.Release|Any CPU.ActiveCfg = Release|Any CPU
		{B6770C11-2ABF-4039-83C5-455575F49114}.Release|Any CPU.Build.0 = Release|Any CPU
	EndGlobalSection
	GlobalSection(SolutionProperties) = preSolution
		HideSolutionNode = FALSE
	EndGlobalSection
	GlobalSection(ExtensibilityGlobals) = postSolution
		SolutionGuid = {2003F616-8BA4-466D-936C-AC82EC1DB9E2}
	EndGlobalSection
EndGlobal
